{
  "sources": {
    "passenger": {
      "path": "."
    },
    "rvm": {
      "locked_version": "0.9.1",
      "git": "git://github.com/fnichol/chef-rvm.git",
      "ref": "87f58d428c160337c1581ed1130a1a53d94e5126"
    },
    "ruby_build": {
      "locked_version": "0.8.0",
      "git": "git://github.com/fnichol/chef-ruby_build.git",
      "ref": "ed2d3841784ecf60c1de808946307b588efe644f"
    },
    "apt": {
      "locked_version": "2.3.8"
    },
    "build-essential": {
      "locked_version": "2.0.0"
    },
    "nginx": {
      "locked_version": "2.4.4"
    },
    "bluepill": {
      "locked_version": "2.3.1"
    },
    "rsyslog": {
      "locked_version": "1.12.2"
    },
    "ohai": {
      "locked_version": "1.1.12"
    },
    "runit": {
      "locked_version": "1.5.10"
    },
    "yum": {
      "locked_version": "3.1.4"
    },
    "yum-epel": {
      "locked_version": "0.3.4"
    },
    "java": {
      "locked_version": "1.20.0"
    },
    "chef_gem": {
      "locked_version": "0.1.0"
    }
  }
}
